
Microsoft Visual Studio Solution File, Format Version 12.00
# Visual Studio Version 16
VisualStudioVersion = 16.0.32602.291
MinimumVisualStudioVersion = 10.0.40219.1
Project("{9A19103F-16F7-4668-BE54-9A1E7A4F7556}") = "curso_asp_net_core", "curso_asp_net_core.csproj", "{C0FF92B5-368A-4142-A3C1-54107A1579CB}"
EndProject
Global
	GlobalSection(SolutionConfigurationPlatforms) = preSolution
		Debug|Any CPU = Debug|Any CPU
		Release|Any CPU = Release|Any CPU
	EndGlobalSection
	GlobalSection(ProjectConfigurationPlatforms) = postSolution
		{C0FF92B5-368A-4142-A3C1-54107A1579CB}.Debug|Any CPU.ActiveCfg = Debug|Any CPU
		{C0FF92B5-368A-4142-A3C1-54107A1579CB}.Debug|Any CPU.Build.0 = Debug|Any CPU
		{C0FF92B5-368A-4142-A3C1-54107A1579CB}.Release|Any CPU.ActiveCfg = Release|Any CPU
		{C0FF92B5-368A-4142-A3C1-54107A1579CB}.Release|Any CPU.Build.0 = Release|Any CPU
	EndGlobalSection
	GlobalSection(SolutionProperties) = preSolution
		HideSolutionNode = FALSE
	EndGlobalSection
	GlobalSection(ExtensibilityGlobals) = postSolution
		SolutionGuid = {B3DFAFD8-C180-4FC2-97A6-99350E811504}
	EndGlobalSection
EndGlobal
